
Microsoft Visual Studio Solution File, Format Version 12.00
# Visual Studio 2012
Project("{FAE04EC0-301F-11D3-BF4B-00C04F79EFBC}") = "OnlineShoping", "OnlineShoping\OnlineShoping.csproj", "{A00A22DE-62DD-4999-9123-52E6A24E1A8D}"
EndProject
Project("{FAE04EC0-301F-11D3-BF4B-00C04F79EFBC}") = "OSModel", "OSModel\OSModel.csproj", "{9A91AAB2-4195-45D9-8359-5D0C9B7BFF2C}"
EndProject
Project("{FAE04EC0-301F-11D3-BF4B-00C04F79EFBC}") = "RepositoryDAL", "RepositoryDAL\RepositoryDAL.csproj", "{56CA5D13-515D-44B7-8CF9-102EF9F4F3F1}"
EndProject
Project("{FAE04EC0-301F-11D3-BF4B-00C04F79EFBC}") = "RepositoryHelper", "RepositoryHelper\RepositoryHelper.csproj", "{E5C3DFB7-83DB-4961-8AF0-2E31CA54006E}"
EndProject
Global
	GlobalSection(SolutionConfigurationPlatforms) = preSolution
		Debug|Any CPU = Debug|Any CPU
		Release|Any CPU = Release|Any CPU
	EndGlobalSection
	GlobalSection(ProjectConfigurationPlatforms) = postSolution
		{A00A22DE-62DD-4999-9123-52E6A24E1A8D}.Debug|Any CPU.ActiveCfg = Debug|Any CPU
		{A00A22DE-62DD-4999-9123-52E6A24E1A8D}.Debug|Any CPU.Build.0 = Debug|Any CPU
		{A00A22DE-62DD-4999-9123-52E6A24E1A8D}.Release|Any CPU.ActiveCfg = Release|Any CPU
		{A00A22DE-62DD-4999-9123-52E6A24E1A8D}.Release|Any CPU.Build.0 = Release|Any CPU
		{9A91AAB2-4195-45D9-8359-5D0C9B7BFF2C}.Debug|Any CPU.ActiveCfg = Debug|Any CPU
		{9A91AAB2-4195-45D9-8359-5D0C9B7BFF2C}.Debug|Any CPU.Build.0 = Debug|Any CPU
		{9A91AAB2-4195-45D9-8359-5D0C9B7BFF2C}.Release|Any CPU.ActiveCfg = Release|Any CPU
		{9A91AAB2-4195-45D9-8359-5D0C9B7BFF2C}.Release|Any CPU.Build.0 = Release|Any CPU
		{56CA5D13-515D-44B7-8CF9-102EF9F4F3F1}.Debug|Any CPU.ActiveCfg = Debug|Any CPU
		{56CA5D13-515D-44B7-8CF9-102EF9F4F3F1}.Debug|Any CPU.Build.0 = Debug|Any CPU
		{56CA5D13-515D-44B7-8CF9-102EF9F4F3F1}.Release|Any CPU.ActiveCfg = Release|Any CPU
		{56CA5D13-515D-44B7-8CF9-102EF9F4F3F1}.Release|Any CPU.Build.0 = Release|Any CPU
		{E5C3DFB7-83DB-4961-8AF0-2E31CA54006E}.Debug|Any CPU.ActiveCfg = Debug|Any CPU
		{E5C3DFB7-83DB-4961-8AF0-2E31CA54006E}.Debug|Any CPU.Build.0 = Debug|Any CPU
		{E5C3DFB7-83DB-4961-8AF0-2E31CA54006E}.Release|Any CPU.ActiveCfg = Release|Any CPU
		{E5C3DFB7-83DB-4961-8AF0-2E31CA54006E}.Release|Any CPU.Build.0 = Release|Any CPU
	EndGlobalSection
	GlobalSection(SolutionProperties) = preSolution
		HideSolutionNode = FALSE
	EndGlobalSection
EndGlobal
